{
  "name": "map-cachedfifo",
  "version": "0.0.14",
  "lockfileVersion": 1,
  "requires": true,
  "dependencies": {
    "map-promised": {
      "version": "0.1.1",
      "resolved": "https://registry.npmjs.org/map-promised/-/map-promised-0.1.1.tgz",
      "integrity": "sha512-xEuOSTyia9uIzvkMbNstoK0tDsrjYdIUCS5wa5WbHmIV590Zx6zLI1wNX6w/+7oohq2lQNmS5WRlJYf4Crx6aA==",
      "dev": true
    }
  }
}
