{
  "name": "map-cachedfifo",
  "version": "0.0.11",
  "lockfileVersion": 1,
  "requires": true,
  "dependencies": {
    "map-promised": {
      "version": "0.0.5",
      "resolved": "https://registry.npmjs.org/map-promised/-/map-promised-0.0.5.tgz",
      "integrity": "sha512-Kb6uqGC7uRELmz+5qBAjsOQP0lBPi+Xufw14AApsDj0cXnXvKrjEUf3udJrCJxCsxX84WoSed4wLpljZ8vsaiA==",
      "dev": true
    }
  }
}
